// !$*UTF8*$!
{
	archiveVersion = 1;
	classes = {
	};
	objectVersion = 50;
	objects = {

/* Begin PBXBuildFile section */
		9E4D853B22D8D7C40056D842 /* AppDelegate.swift in Sources */ = {isa = PBXBuildFile; fileRef = 9E4D853A22D8D7C40056D842 /* AppDelegate.swift */; };
		9E4D853D22D8D7C40056D842 /* ViewController.swift in Sources */ = {isa = PBXBuildFile; fileRef = 9E4D853C22D8D7C40056D842 /* ViewController.swift */; };
		9E4D854022D8D7C40056D842 /* Main.storyboard in Resources */ = {isa = PBXBuildFile; fileRef = 9E4D853E22D8D7C40056D842 /* Main.storyboard */; };
		9E4D854222D8D7C60056D842 /* Assets.xcassets in Resources */ = {isa = PBXBuildFile; fileRef = 9E4D854122D8D7C60056D842 /* Assets.xcassets */; };
		9E4D854522D8D7C60056D842 /* LaunchScreen.storyboard in Resources */ = {isa = PBXBuildFile; fileRef = 9E4D854322D8D7C60056D842 /* LaunchScreen.storyboard */; };
		9E4D854D22D8DB810056D842 /* Coordinator.swift in Sources */ = {isa = PBXBuildFile; fileRef = 9E4D854C22D8DB810056D842 /* Coordinator.swift */; };
		9E4D854F22D8DBFD0056D842 /* Storyboarded.swift in Sources */ = {isa = PBXBuildFile; fileRef = 9E4D854E22D8DBFD0056D842 /* Storyboarded.swift */; };
		9E4D855122D8DE170056D842 /* MainCoordinator.swift in Sources */ = {isa = PBXBuildFile; fileRef = 9E4D855022D8DE170056D842 /* MainCoordinator.swift */; };
		9E4D855822D8E3160056D842 /* BuyViewController.swift in Sources */ = {isa = PBXBuildFile; fileRef = 9E4D855722D8E3160056D842 /* BuyViewController.swift */; };
		9E4D855B22D8E3430056D842 /* CreateAccountViewController.swift in Sources */ = {isa = PBXBuildFile; fileRef = 9E4D855A22D8E3430056D842 /* CreateAccountViewController.swift */; };
/* End PBXBuildFile section */

/* Begin PBXFileReference section */
		9E4D853722D8D7C40056D842 /* Coordinatorial.app */ = {isa = PBXFileReference; explicitFileType = wrapper.application; includeInIndex = 0; path = Coordinatorial.app; sourceTree = BUILT_PRODUCTS_DIR; };
		9E4D853A22D8D7C40056D842 /* AppDelegate.swift */ = {isa = PBXFileReference; lastKnownFileType = sourcecode.swift; path = AppDelegate.swift; sourceTree = "<group>"; };
		9E4D853C22D8D7C40056D842 /* ViewController.swift */ = {isa = PBXFileReference; lastKnownFileType = sourcecode.swift; path = ViewController.swift; sourceTree = "<group>"; };
		9E4D853F22D8D7C40056D842 /* Base */ = {isa = PBXFileReference; lastKnownFileType = file.storyboard; name = Base; path = Base.lproj/Main.storyboard; sourceTree = "<group>"; };
		9E4D854122D8D7C60056D842 /* Assets.xcassets */ = {isa = PBXFileReference; lastKnownFileType = folder.assetcatalog; path = Assets.xcassets; sourceTree = "<group>"; };
		9E4D854422D8D7C60056D842 /* Base */ = {isa = PBXFileReference; lastKnownFileType = file.storyboard; name = Base; path = Base.lproj/LaunchScreen.storyboard; sourceTree = "<group>"; };
		9E4D854622D8D7C60056D842 /* Info.plist */ = {isa = PBXFileReference; lastKnownFileType = text.plist.xml; path = Info.plist; sourceTree = "<group>"; };
		9E4D854C22D8DB810056D842 /* Coordinator.swift */ = {isa = PBXFileReference; lastKnownFileType = sourcecode.swift; path = Coordinator.swift; sourceTree = "<group>"; };
		9E4D854E22D8DBFD0056D842 /* Storyboarded.swift */ = {isa = PBXFileReference; lastKnownFileType = sourcecode.swift; path = Storyboarded.swift; sourceTree = "<group>"; };
		9E4D855022D8DE170056D842 /* MainCoordinator.swift */ = {isa = PBXFileReference; lastKnownFileType = sourcecode.swift; path = MainCoordinator.swift; sourceTree = "<group>"; };
		9E4D855722D8E3160056D842 /* BuyViewController.swift */ = {isa = PBXFileReference; lastKnownFileType = sourcecode.swift; path = BuyViewController.swift; sourceTree = "<group>"; };
		9E4D855A22D8E3430056D842 /* CreateAccountViewController.swift */ = {isa = PBXFileReference; lastKnownFileType = sourcecode.swift; path = CreateAccountViewController.swift; sourceTree = "<group>"; };
/* End PBXFileReference section */

/* Begin PBXFrameworksBuildPhase section */
		9E4D853422D8D7C40056D842 /* Frameworks */ = {
			isa = PBXFrameworksBuildPhase;
			buildActionMask = 2147483647;
			files = (
			);
			runOnlyForDeploymentPostprocessing = 0;
		};
/* End PBXFrameworksBuildPhase section */

/* Begin PBXGroup section */
		9E4D852E22D8D7C40056D842 = {
			isa = PBXGroup;
			children = (
				9E4D853922D8D7C40056D842 /* Coordinatorial */,
				9E4D853822D8D7C40056D842 /* Products */,
			);
			sourceTree = "<group>";
		};
		9E4D853822D8D7C40056D842 /* Products */ = {
			isa = PBXGroup;
			children = (
				9E4D853722D8D7C40056D842 /* Coordinatorial.app */,
			);
			name = Products;
			sourceTree = "<group>";
		};
		9E4D853922D8D7C40056D842 /* Coordinatorial */ = {
			isa = PBXGroup;
			children = (
				9E4D855322D8E2E00056D842 /* Features */,
				9E4D853A22D8D7C40056D842 /* AppDelegate.swift */,
				9E4D853E22D8D7C40056D842 /* Main.storyboard */,
				9E4D854122D8D7C60056D842 /* Assets.xcassets */,
				9E4D854322D8D7C60056D842 /* LaunchScreen.storyboard */,
				9E4D854622D8D7C60056D842 /* Info.plist */,
				9E4D855222D8E2B80056D842 /* Coordinator */,
			);
			path = Coordinatorial;
			sourceTree = "<group>";
		};
		9E4D855222D8E2B80056D842 /* Coordinator */ = {
			isa = PBXGroup;
			children = (
				9E4D854E22D8DBFD0056D842 /* Storyboarded.swift */,
				9E4D854C22D8DB810056D842 /* Coordinator.swift */,
			);
			path = Coordinator;
			sourceTree = "<group>";
		};
		9E4D855322D8E2E00056D842 /* Features */ = {
			isa = PBXGroup;
			children = (
				9E4D855922D8E3370056D842 /* CreateAccount */,
				9E4D855622D8E2F40056D842 /* Buy */,
				9E4D855422D8E2EC0056D842 /* Main */,
			);
			path = Features;
			sourceTree = "<group>";
		};
		9E4D855422D8E2EC0056D842 /* Main */ = {
			isa = PBXGroup;
			children = (
				9E4D853C22D8D7C40056D842 /* ViewController.swift */,
				9E4D855022D8DE170056D842 /* MainCoordinator.swift */,
			);
			path = Main;
			sourceTree = "<group>";
		};
		9E4D855622D8E2F40056D842 /* Buy */ = {
			isa = PBXGroup;
			children = (
				9E4D855722D8E3160056D842 /* BuyViewController.swift */,
			);
			path = Buy;
			sourceTree = "<group>";
		};
		9E4D855922D8E3370056D842 /* CreateAccount */ = {
			isa = PBXGroup;
			children = (
				9E4D855A22D8E3430056D842 /* CreateAccountViewController.swift */,
			);
			path = CreateAccount;
			sourceTree = "<group>";
		};
/* End PBXGroup section */

/* Begin PBXNativeTarget section */
		9E4D853622D8D7C40056D842 /* Coordinatorial */ = {
			isa = PBXNativeTarget;
			buildConfigurationList = 9E4D854922D8D7C60056D842 /* Build configuration list for PBXNativeTarget "Coordinatorial" */;
			buildPhases = (
				9E4D853322D8D7C40056D842 /* Sources */,
				9E4D853422D8D7C40056D842 /* Frameworks */,
				9E4D853522D8D7C40056D842 /* Resources */,
			);
			buildRules = (
			);
			dependencies = (
			);
			name = Coordinatorial;
			productName = Coordinatorial;
			productReference = 9E4D853722D8D7C40056D842 /* Coordinatorial.app */;
			productType = "com.apple.product-type.application";
		};
/* End PBXNativeTarget section */

/* Begin PBXProject section */
		9E4D852F22D8D7C40056D842 /* Project object */ = {
			isa = PBXProject;
			attributes = {
				LastSwiftUpdateCheck = 1020;
				LastUpgradeCheck = 1020;
				ORGANIZATIONNAME = "Christoph Wottawa";
				TargetAttributes = {
					9E4D853622D8D7C40056D842 = {
						CreatedOnToolsVersion = 10.2.1;
					};
				};
			};
			buildConfigurationList = 9E4D853222D8D7C40056D842 /* Build configuration list for PBXProject "Coordinatorial" */;
			compatibilityVersion = "Xcode 9.3";
			developmentRegion = en;
			hasScannedForEncodings = 0;
			knownRegions = (
				en,
				Base,
			);
			mainGroup = 9E4D852E22D8D7C40056D842;
			productRefGroup = 9E4D853822D8D7C40056D842 /* Products */;
			projectDirPath = "";
			projectRoot = "";
			targets = (
				9E4D853622D8D7C40056D842 /* Coordinatorial */,
			);
		};
/* End PBXProject section */

/* Begin PBXResourcesBuildPhase section */
		9E4D853522D8D7C40056D842 /* Resources */ = {
			isa = PBXResourcesBuildPhase;
			buildActionMask = 2147483647;
			files = (
				9E4D854522D8D7C60056D842 /* LaunchScreen.storyboard in Resources */,
				9E4D854222D8D7C60056D842 /* Assets.xcassets in Resources */,
				9E4D854022D8D7C40056D842 /* Main.storyboard in Resources */,
			);
			runOnlyForDeploymentPostprocessing = 0;
		};
/* End PBXResourcesBuildPhase section */

/* Begin PBXSourcesBuildPhase section */
		9E4D853322D8D7C40056D842 /* Sources */ = {
			isa = PBXSourcesBuildPhase;
			buildActionMask = 2147483647;
			files = (
				9E4D855B22D8E3430056D842 /* CreateAccountViewController.swift in Sources */,
				9E4D854F22D8DBFD0056D842 /* Storyboarded.swift in Sources */,
				9E4D853D22D8D7C40056D842 /* ViewController.swift in Sources */,
				9E4D853B22D8D7C40056D842 /* AppDelegate.swift in Sources */,
				9E4D855122D8DE170056D842 /* MainCoordinator.swift in Sources */,
				9E4D854D22D8DB810056D842 /* Coordinator.swift in Sources */,
				9E4D855822D8E3160056D842 /* BuyViewController.swift in Sources */,
			);
			runOnlyForDeploymentPostprocessing = 0;
		};
/* End PBXSourcesBuildPhase section */

/* Begin PBXVariantGroup section */
		9E4D853E22D8D7C40056D842 /* Main.storyboard */ = {
			isa = PBXVariantGroup;
			children = (
				9E4D853F22D8D7C40056D842 /* Base */,
			);
			name = Main.storyboard;
			sourceTree = "<group>";
		};
		9E4D854322D8D7C60056D842 /* LaunchScreen.storyboard */ = {
			isa = PBXVariantGroup;
			children = (
				9E4D854422D8D7C60056D842 /* Base */,
			);
			name = LaunchScreen.storyboard;
			sourceTree = "<group>";
		};
/* End PBXVariantGroup section */

/* Begin XCBuildConfiguration section */
		9E4D854722D8D7C60056D842 /* Debug */ = {
			isa = XCBuildConfiguration;
			buildSettings = {
				ALWAYS_SEARCH_USER_PATHS = NO;
				CLANG_ANALYZER_NONNULL = YES;
				CLANG_ANALYZER_NUMBER_OBJECT_CONVERSION = YES_AGGRESSIVE;
				CLANG_CXX_LANGUAGE_STANDARD = "gnu++14";
				CLANG_CXX_LIBRARY = "libc++";
				CLANG_ENABLE_MODULES = YES;
				CLANG_ENABLE_OBJC_ARC = YES;
				CLANG_ENABLE_OBJC_WEAK = YES;
				CLANG_WARN_BLOCK_CAPTURE_AUTORELEASING = YES;
				CLANG_WARN_BOOL_CONVERSION = YES;
				CLANG_WARN_COMMA = YES;
				CLANG_WARN_CONSTANT_CONVERSION = YES;
				CLANG_WARN_DEPRECATED_OBJC_IMPLEMENTATIONS = YES;
				CLANG_WARN_DIRECT_OBJC_ISA_USAGE = YES_ERROR;
				CLANG_WARN_DOCUMENTATION_COMMENTS = YES;
				CLANG_WARN_EMPTY_BODY = YES;
				CLANG_WARN_ENUM_CONVERSION = YES;
				CLANG_WARN_INFINITE_RECURSION = YES;
				CLANG_WARN_INT_CONVERSION = YES;
				CLANG_WARN_NON_LITERAL_NULL_CONVERSION = YES;
				CLANG_WARN_OBJC_IMPLICIT_RETAIN_SELF = YES;
				CLANG_WARN_OBJC_LITERAL_CONVERSION = YES;
				CLANG_WARN_OBJC_ROOT_CLASS = YES_ERROR;
				CLANG_WARN_RANGE_LOOP_ANALYSIS = YES;
				CLANG_WARN_STRICT_PROTOTYPES = YES;
				CLANG_WARN_SUSPICIOUS_MOVE = YES;
				CLANG_WARN_UNGUARDED_AVAILABILITY = YES_AGGRESSIVE;
				CLANG_WARN_UNREACHABLE_CODE = YES;
				CLANG_WARN__DUPLICATE_METHOD_MATCH = YES;
				CODE_SIGN_IDENTITY = "iPhone Developer";
				COPY_PHASE_STRIP = NO;
				DEBUG_INFORMATION_FORMAT = dwarf;
				ENABLE_STRICT_OBJC_MSGSEND = YES;
				ENABLE_TESTABILITY = YES;
				GCC_C_LANGUAGE_STANDARD = gnu11;
				GCC_DYNAMIC_NO_PIC = NO;
				GCC_NO_COMMON_BLOCKS = YES;
				GCC_OPTIMIZATION_LEVEL = 0;
				GCC_PREPROCESSOR_DEFINITIONS = (
					"DEBUG=1",
					"$(inherited)",
				);
				GCC_WARN_64_TO_32_BIT_CONVERSION = YES;
				GCC_WARN_ABOUT_RETURN_TYPE = YES_ERROR;
				GCC_WARN_UNDECLARED_SELECTOR = YES;
				GCC_WARN_UNINITIALIZED_AUTOS = YES_AGGRESSIVE;
				GCC_WARN_UNUSED_FUNCTION = YES;
				GCC_WARN_UNUSED_VARIABLE = YES;
				IPHONEOS_DEPLOYMENT_TARGET = 12.2;
				MTL_ENABLE_DEBUG_INFO = INCLUDE_SOURCE;
				MTL_FAST_MATH = YES;
				ONLY_ACTIVE_ARCH = YES;
				SDKROOT = iphoneos;
				SWIFT_ACTIVE_COMPILATION_CONDITIONS = DEBUG;
				SWIFT_OPTIMIZATION_LEVEL = "-Onone";
			};
			name = Debug;
		};
		9E4D854822D8D7C60056D842 /* Release */ = {
			isa = XCBuildConfiguration;
			buildSettings = {
				ALWAYS_SEARCH_USER_PATHS = NO;
				CLANG_ANALYZER_NONNULL = YES;
				CLANG_ANALYZER_NUMBER_OBJECT_CONVERSION = YES_AGGRESSIVE;
				CLANG_CXX_LANGUAGE_STANDARD = "gnu++14";
				CLANG_CXX_LIBRARY = "libc++";
				CLANG_ENABLE_MODULES = YES;
				CLANG_ENABLE_OBJC_ARC = YES;
				CLANG_ENABLE_OBJC_WEAK = YES;
				CLANG_WARN_BLOCK_CAPTURE_AUTORELEASING = YES;
				CLANG_WARN_BOOL_CONVERSION = YES;
				CLANG_WARN_COMMA = YES;
				CLANG_WARN_CONSTANT_CONVERSION = YES;
				CLANG_WARN_DEPRECATED_OBJC_IMPLEMENTATIONS = YES;
				CLANG_WARN_DIRECT_OBJC_ISA_USAGE = YES_ERROR;
				CLANG_WARN_DOCUMENTATION_COMMENTS = YES;
				CLANG_WARN_EMPTY_BODY = YES;
				CLANG_WARN_ENUM_CONVERSION = YES;
				CLANG_WARN_INFINITE_RECURSION = YES;
				CLANG_WARN_INT_CONVERSION = YES;
				CLANG_WARN_NON_LITERAL_NULL_CONVERSION = YES;
				CLANG_WARN_OBJC_IMPLICIT_RETAIN_SELF = YES;
				CLANG_WARN_OBJC_LITERAL_CONVERSION = YES;
				CLANG_WARN_OBJC_ROOT_CLASS = YES_ERROR;
				CLANG_WARN_RANGE_LOOP_ANALYSIS = YES;
				CLANG_WARN_STRICT_PROTOTYPES = YES;
				CLANG_WARN_SUSPICIOUS_MOVE = YES;
				CLANG_WARN_UNGUARDED_AVAILABILITY = YES_AGGRESSIVE;
				CLANG_WARN_UNREACHABLE_CODE = YES;
				CLANG_WARN__DUPLICATE_METHOD_MATCH = YES;
				CODE_SIGN_IDENTITY = "iPhone Developer";
				COPY_PHASE_STRIP = NO;
				DEBUG_INFORMATION_FORMAT = "dwarf-with-dsym";
				ENABLE_NS_ASSERTIONS = NO;
				ENABLE_STRICT_OBJC_MSGSEND = YES;
				GCC_C_LANGUAGE_STANDARD = gnu11;
				GCC_NO_COMMON_BLOCKS = YES;
				GCC_WARN_64_TO_32_BIT_CONVERSION = YES;
				GCC_WARN_ABOUT_RETURN_TYPE = YES_ERROR;
				GCC_WARN_UNDECLARED_SELECTOR = YES;
				GCC_WARN_UNINITIALIZED_AUTOS = YES_AGGRESSIVE;
				GCC_WARN_UNUSED_FUNCTION = YES;
				GCC_WARN_UNUSED_VARIABLE = YES;
				IPHONEOS_DEPLOYMENT_TARGET = 12.2;
				MTL_ENABLE_DEBUG_INFO = NO;
				MTL_FAST_MATH = YES;
				SDKROOT = iphoneos;
				SWIFT_COMPILATION_MODE = wholemodule;
				SWIFT_OPTIMIZATION_LEVEL = "-O";
				VALIDATE_PRODUCT = YES;
			};
			name = Release;
		};
		9E4D854A22D8D7C60056D842 /* Debug */ = {
			isa = XCBuildConfiguration;
			buildSettings = {
				ASSETCATALOG_COMPILER_APPICON_NAME = AppIcon;
				CODE_SIGN_STYLE = Automatic;
				DEVELOPMENT_TEAM = K6YDQ7N662;
				INFOPLIST_FILE = Coordinatorial/Info.plist;
				LD_RUNPATH_SEARCH_PATHS = (
					"$(inherited)",
					"@executable_path/Frameworks",
				);
				PRODUCT_BUNDLE_IDENTIFIER = at.ccomp.Coordinatorial;
				PRODUCT_NAME = "$(TARGET_NAME)";
				SWIFT_VERSION = 5.0;
				TARGETED_DEVICE_FAMILY = "1,2";
			};
			name = Debug;
		};
		9E4D854B22D8D7C60056D842 /* Release */ = {
			isa = XCBuildConfiguration;
			buildSettings = {
				ASSETCATALOG_COMPILER_APPICON_NAME = AppIcon;
				CODE_SIGN_STYLE = Automatic;
				DEVELOPMENT_TEAM = K6YDQ7N662;
				INFOPLIST_FILE = Coordinatorial/Info.plist;
				LD_RUNPATH_SEARCH_PATHS = (
					"$(inherited)",
					"@executable_path/Frameworks",
				);
				PRODUCT_BUNDLE_IDENTIFIER = at.ccomp.Coordinatorial;
				PRODUCT_NAME = "$(TARGET_NAME)";
				SWIFT_VERSION = 5.0;
				TARGETED_DEVICE_FAMILY = "1,2";
			};
			name = Release;
		};
/* End XCBuildConfiguration section */

/* Begin XCConfigurationList section */
		9E4D853222D8D7C40056D842 /* Build configuration list for PBXProject "Coordinatorial" */ = {
			isa = XCConfigurationList;
			buildConfigurations = (
				9E4D854722D8D7C60056D842 /* Debug */,
				9E4D854822D8D7C60056D842 /* Release */,
			);
			defaultConfigurationIsVisible = 0;
			defaultConfigurationName = Release;
		};
		9E4D854922D8D7C60056D842 /* Build configuration list for PBXNativeTarget "Coordinatorial" */ = {
			isa = XCConfigurationList;
			buildConfigurations = (
				9E4D854A22D8D7C60056D842 /* Debug */,
				9E4D854B22D8D7C60056D842 /* Release */,
			);
			defaultConfigurationIsVisible = 0;
			defaultConfigurationName = Release;
		};
/* End XCConfigurationList section */
	};
	rootObject = 9E4D852F22D8D7C40056D842 /* Project object */;
}
